
Microsoft Visual Studio Solution File, Format Version 11.00
# Visual Studio 2010
Project("{FAE04EC0-301F-11D3-BF4B-00C04F79EFBC}") = "RPS_Utility", "RPS_Utility\RPS_Utility.csproj", "{AD428F1E-F406-42F9-89A8-B6F52BBF3379}"
EndProject
Global
	GlobalSection(SolutionConfigurationPlatforms) = preSolution
		Debug|x86 = Debug|x86
		Release|x86 = Release|x86
	EndGlobalSection
	GlobalSection(ProjectConfigurationPlatforms) = postSolution
		{AD428F1E-F406-42F9-89A8-B6F52BBF3379}.Debug|x86.ActiveCfg = Debug|x86
		{AD428F1E-F406-42F9-89A8-B6F52BBF3379}.Debug|x86.Build.0 = Debug|x86
		{AD428F1E-F406-42F9-89A8-B6F52BBF3379}.Release|x86.ActiveCfg = Release|x86
		{AD428F1E-F406-42F9-89A8-B6F52BBF3379}.Release|x86.Build.0 = Release|x86
	EndGlobalSection
	GlobalSection(SolutionProperties) = preSolution
		HideSolutionNode = FALSE
	EndGlobalSection
EndGlobal
